
Microsoft Visual Studio Solution File, Format Version 12.00
# Visual Studio Version 17
VisualStudioVersion = 17.14.36327.8 d17.14
MinimumVisualStudioVersion = 10.0.40219.1
Project("{FAE04EC0-301F-11D3-BF4B-00C04F79EFBC}") = "LoanPlanner.Web", "LoanPlanner.Web\LoanPlanner.Web.csproj", "{94CB6BB9-0F36-4821-A931-8A73F5305F0B}"
EndProject
Project("{FAE04EC0-301F-11D3-BF4B-00C04F79EFBC}") = "LoanPlanner.Core", "LoanPlanner.Core\LoanPlanner.Core.csproj", "{406E617A-58D1-4D34-93C0-F6B34818EC46}"
EndProject
Project("{FAE04EC0-301F-11D3-BF4B-00C04F79EFBC}") = "LoanPlanner.Tests", "LoanPlanner.Tests\LoanPlanner.Tests.csproj", "{49DCCCC5-C78F-4C42-B5B0-6D998ADE3EA2}"
EndProject
Global
	GlobalSection(SolutionConfigurationPlatforms) = preSolution
		Debug|Any CPU = Debug|Any CPU
		Release|Any CPU = Release|Any CPU
	EndGlobalSection
	GlobalSection(ProjectConfigurationPlatforms) = postSolution
		{94CB6BB9-0F36-4821-A931-8A73F5305F0B}.Debug|Any CPU.ActiveCfg = Debug|Any CPU
		{94CB6BB9-0F36-4821-A931-8A73F5305F0B}.Debug|Any CPU.Build.0 = Debug|Any CPU
		{94CB6BB9-0F36-4821-A931-8A73F5305F0B}.Release|Any CPU.ActiveCfg = Release|Any CPU
		{94CB6BB9-0F36-4821-A931-8A73F5305F0B}.Release|Any CPU.Build.0 = Release|Any CPU
		{406E617A-58D1-4D34-93C0-F6B34818EC46}.Debug|Any CPU.ActiveCfg = Debug|Any CPU
		{406E617A-58D1-4D34-93C0-F6B34818EC46}.Debug|Any CPU.Build.0 = Debug|Any CPU
		{406E617A-58D1-4D34-93C0-F6B34818EC46}.Release|Any CPU.ActiveCfg = Release|Any CPU
		{406E617A-58D1-4D34-93C0-F6B34818EC46}.Release|Any CPU.Build.0 = Release|Any CPU
		{49DCCCC5-C78F-4C42-B5B0-6D998ADE3EA2}.Debug|Any CPU.ActiveCfg = Debug|Any CPU
		{49DCCCC5-C78F-4C42-B5B0-6D998ADE3EA2}.Debug|Any CPU.Build.0 = Debug|Any CPU
		{49DCCCC5-C78F-4C42-B5B0-6D998ADE3EA2}.Release|Any CPU.ActiveCfg = Release|Any CPU
		{49DCCCC5-C78F-4C42-B5B0-6D998ADE3EA2}.Release|Any CPU.Build.0 = Release|Any CPU
	EndGlobalSection
	GlobalSection(SolutionProperties) = preSolution
		HideSolutionNode = FALSE
	EndGlobalSection
	GlobalSection(ExtensibilityGlobals) = postSolution
		SolutionGuid = {1F015853-F1C5-432E-97E1-8DC48174C920}
	EndGlobalSection
EndGlobal
